// !$*UTF8*$!
{
	archiveVersion = 1;
	classes = {
	};
	objectVersion = 55;
	objects = {

/* Begin PBXBuildFile section */
		AA0F93C129430BA500ACFCB1 /* GameDetailView.swift in Sources */ = {isa = PBXBuildFile; fileRef = AA0F93C029430BA500ACFCB1 /* GameDetailView.swift */; };
		AA831A06293D992B001F2BD8 /* GameListView.swift in Sources */ = {isa = PBXBuildFile; fileRef = AA831A05293D992B001F2BD8 /* GameListView.swift */; };
		AA831A08293D9AFA001F2BD8 /* GameRatingsView.swift in Sources */ = {isa = PBXBuildFile; fileRef = AA831A07293D9AFA001F2BD8 /* GameRatingsView.swift */; };
		AAE64800293D1C4200D64A90 /* NetworkManager.swift in Sources */ = {isa = PBXBuildFile; fileRef = AAE647FF293D1C4200D64A90 /* NetworkManager.swift */; };
		AAE64802293D1CAC00D64A90 /* AppVersionComparison.swift in Sources */ = {isa = PBXBuildFile; fileRef = AAE64801293D1CAC00D64A90 /* AppVersionComparison.swift */; };
		AAE64804293D1CE300D64A90 /* Storage.swift in Sources */ = {isa = PBXBuildFile; fileRef = AAE64803293D1CE300D64A90 /* Storage.swift */; };
		AAE64809293D492D00D64A90 /* GameModel.swift in Sources */ = {isa = PBXBuildFile; fileRef = AAE64808293D492D00D64A90 /* GameModel.swift */; };
		AAEA1ADC293C9CF20054AC86 /* gamerzbaseApp.swift in Sources */ = {isa = PBXBuildFile; fileRef = AAEA1ADB293C9CF20054AC86 /* gamerzbaseApp.swift */; };
		AAEA1ADE293C9CF20054AC86 /* ContentView.swift in Sources */ = {isa = PBXBuildFile; fileRef = AAEA1ADD293C9CF20054AC86 /* ContentView.swift */; };
		AAEA1AE0293C9CF30054AC86 /* Assets.xcassets in Resources */ = {isa = PBXBuildFile; fileRef = AAEA1ADF293C9CF30054AC86 /* Assets.xcassets */; };
		AAEA1AE3293C9CF30054AC86 /* Preview Assets.xcassets in Resources */ = {isa = PBXBuildFile; fileRef = AAEA1AE2293C9CF30054AC86 /* Preview Assets.xcassets */; };
		AAEA1AED293C9CF40054AC86 /* AppVersionComparisonTests.swift in Sources */ = {isa = PBXBuildFile; fileRef = AAEA1AEC293C9CF40054AC86 /* AppVersionComparisonTests.swift */; };
		AAEA1AF7293C9CF40054AC86 /* gamerzbaseUITests.swift in Sources */ = {isa = PBXBuildFile; fileRef = AAEA1AF6293C9CF40054AC86 /* gamerzbaseUITests.swift */; };
		AAEA1AF9293C9CF40054AC86 /* gamerzbaseUITestsLaunchTests.swift in Sources */ = {isa = PBXBuildFile; fileRef = AAEA1AF8293C9CF40054AC86 /* gamerzbaseUITestsLaunchTests.swift */; };
		AAEA1B07293C9E090054AC86 /* Connectivium in Frameworks */ = {isa = PBXBuildFile; productRef = AAEA1B06293C9E090054AC86 /* Connectivium */; };
		AAEA1B0A293C9E150054AC86 /* StoreKitted in Frameworks */ = {isa = PBXBuildFile; productRef = AAEA1B09293C9E150054AC86 /* StoreKitted */; };
/* End PBXBuildFile section */

/* Begin PBXContainerItemProxy section */
		AAEA1AE9293C9CF40054AC86 /* PBXContainerItemProxy */ = {
			isa = PBXContainerItemProxy;
			containerPortal = AAEA1AD0293C9CF20054AC86 /* Project object */;
			proxyType = 1;
			remoteGlobalIDString = AAEA1AD7293C9CF20054AC86;
			remoteInfo = gamerzbase;
		};
		AAEA1AF3293C9CF40054AC86 /* PBXContainerItemProxy */ = {
			isa = PBXContainerItemProxy;
			containerPortal = AAEA1AD0293C9CF20054AC86 /* Project object */;
			proxyType = 1;
			remoteGlobalIDString = AAEA1AD7293C9CF20054AC86;
			remoteInfo = gamerzbase;
		};
/* End PBXContainerItemProxy section */

/* Begin PBXFileReference section */
		AA0F93C029430BA500ACFCB1 /* GameDetailView.swift */ = {isa = PBXFileReference; lastKnownFileType = sourcecode.swift; path = GameDetailView.swift; sourceTree = "<group>"; };
		AA831A05293D992B001F2BD8 /* GameListView.swift */ = {isa = PBXFileReference; lastKnownFileType = sourcecode.swift; path = GameListView.swift; sourceTree = "<group>"; };
		AA831A07293D9AFA001F2BD8 /* GameRatingsView.swift */ = {isa = PBXFileReference; lastKnownFileType = sourcecode.swift; path = GameRatingsView.swift; sourceTree = "<group>"; };
		AAE647FF293D1C4200D64A90 /* NetworkManager.swift */ = {isa = PBXFileReference; lastKnownFileType = sourcecode.swift; path = NetworkManager.swift; sourceTree = "<group>"; };
		AAE64801293D1CAC00D64A90 /* AppVersionComparison.swift */ = {isa = PBXFileReference; lastKnownFileType = sourcecode.swift; path = AppVersionComparison.swift; sourceTree = "<group>"; };
		AAE64803293D1CE300D64A90 /* Storage.swift */ = {isa = PBXFileReference; lastKnownFileType = sourcecode.swift; path = Storage.swift; sourceTree = "<group>"; };
		AAE64808293D492D00D64A90 /* GameModel.swift */ = {isa = PBXFileReference; lastKnownFileType = sourcecode.swift; path = GameModel.swift; sourceTree = "<group>"; };
		AAEA1AD8293C9CF20054AC86 /* gamerzbase.app */ = {isa = PBXFileReference; explicitFileType = wrapper.application; includeInIndex = 0; path = gamerzbase.app; sourceTree = BUILT_PRODUCTS_DIR; };
		AAEA1ADB293C9CF20054AC86 /* gamerzbaseApp.swift */ = {isa = PBXFileReference; lastKnownFileType = sourcecode.swift; path = gamerzbaseApp.swift; sourceTree = "<group>"; };
		AAEA1ADD293C9CF20054AC86 /* ContentView.swift */ = {isa = PBXFileReference; lastKnownFileType = sourcecode.swift; path = ContentView.swift; sourceTree = "<group>"; };
		AAEA1ADF293C9CF30054AC86 /* Assets.xcassets */ = {isa = PBXFileReference; lastKnownFileType = folder.assetcatalog; path = Assets.xcassets; sourceTree = "<group>"; };
		AAEA1AE2293C9CF30054AC86 /* Preview Assets.xcassets */ = {isa = PBXFileReference; lastKnownFileType = folder.assetcatalog; path = "Preview Assets.xcassets"; sourceTree = "<group>"; };
		AAEA1AE8293C9CF40054AC86 /* gamerzbaseTests.xctest */ = {isa = PBXFileReference; explicitFileType = wrapper.cfbundle; includeInIndex = 0; path = gamerzbaseTests.xctest; sourceTree = BUILT_PRODUCTS_DIR; };
		AAEA1AEC293C9CF40054AC86 /* AppVersionComparisonTests.swift */ = {isa = PBXFileReference; lastKnownFileType = sourcecode.swift; path = AppVersionComparisonTests.swift; sourceTree = "<group>"; };
		AAEA1AF2293C9CF40054AC86 /* gamerzbaseUITests.xctest */ = {isa = PBXFileReference; explicitFileType = wrapper.cfbundle; includeInIndex = 0; path = gamerzbaseUITests.xctest; sourceTree = BUILT_PRODUCTS_DIR; };
		AAEA1AF6293C9CF40054AC86 /* gamerzbaseUITests.swift */ = {isa = PBXFileReference; lastKnownFileType = sourcecode.swift; path = gamerzbaseUITests.swift; sourceTree = "<group>"; };
		AAEA1AF8293C9CF40054AC86 /* gamerzbaseUITestsLaunchTests.swift */ = {isa = PBXFileReference; lastKnownFileType = sourcecode.swift; path = gamerzbaseUITestsLaunchTests.swift; sourceTree = "<group>"; };
/* End PBXFileReference section */

/* Begin PBXFrameworksBuildPhase section */
		AAEA1AD5293C9CF20054AC86 /* Frameworks */ = {
			isa = PBXFrameworksBuildPhase;
			buildActionMask = 2147483647;
			files = (
				AAEA1B07293C9E090054AC86 /* Connectivium in Frameworks */,
				AAEA1B0A293C9E150054AC86 /* StoreKitted in Frameworks */,
			);
			runOnlyForDeploymentPostprocessing = 0;
		};
		AAEA1AE5293C9CF40054AC86 /* Frameworks */ = {
			isa = PBXFrameworksBuildPhase;
			buildActionMask = 2147483647;
			files = (
			);
			runOnlyForDeploymentPostprocessing = 0;
		};
		AAEA1AEF293C9CF40054AC86 /* Frameworks */ = {
			isa = PBXFrameworksBuildPhase;
			buildActionMask = 2147483647;
			files = (
			);
			runOnlyForDeploymentPostprocessing = 0;
		};
/* End PBXFrameworksBuildPhase section */

/* Begin PBXGroup section */
		AAE64806293D48CA00D64A90 /* Network */ = {
			isa = PBXGroup;
			children = (
				AAE64801293D1CAC00D64A90 /* AppVersionComparison.swift */,
				AAE647FF293D1C4200D64A90 /* NetworkManager.swift */,
			);
			path = Network;
			sourceTree = "<group>";
		};
		AAE64807293D492300D64A90 /* Game */ = {
			isa = PBXGroup;
			children = (
				AAE64808293D492D00D64A90 /* GameModel.swift */,
				AA831A05293D992B001F2BD8 /* GameListView.swift */,
				AA831A07293D9AFA001F2BD8 /* GameRatingsView.swift */,
				AA0F93C029430BA500ACFCB1 /* GameDetailView.swift */,
			);
			path = Game;
			sourceTree = "<group>";
		};
		AAEA1ACF293C9CF20054AC86 = {
			isa = PBXGroup;
			children = (
				AAEA1ADA293C9CF20054AC86 /* gamerzbase */,
				AAEA1AEB293C9CF40054AC86 /* gamerzbaseTests */,
				AAEA1AF5293C9CF40054AC86 /* gamerzbaseUITests */,
				AAEA1AD9293C9CF20054AC86 /* Products */,
			);
			sourceTree = "<group>";
		};
		AAEA1AD9293C9CF20054AC86 /* Products */ = {
			isa = PBXGroup;
			children = (
				AAEA1AD8293C9CF20054AC86 /* gamerzbase.app */,
				AAEA1AE8293C9CF40054AC86 /* gamerzbaseTests.xctest */,
				AAEA1AF2293C9CF40054AC86 /* gamerzbaseUITests.xctest */,
			);
			name = Products;
			sourceTree = "<group>";
		};
		AAEA1ADA293C9CF20054AC86 /* gamerzbase */ = {
			isa = PBXGroup;
			children = (
				AAE64807293D492300D64A90 /* Game */,
				AAEA1ADB293C9CF20054AC86 /* gamerzbaseApp.swift */,
				AAEA1ADD293C9CF20054AC86 /* ContentView.swift */,
				AAEA1ADF293C9CF30054AC86 /* Assets.xcassets */,
				AAEA1AE1293C9CF30054AC86 /* Preview Content */,
				AAE64806293D48CA00D64A90 /* Network */,
				AAE64803293D1CE300D64A90 /* Storage.swift */,
			);
			path = gamerzbase;
			sourceTree = "<group>";
		};
		AAEA1AE1293C9CF30054AC86 /* Preview Content */ = {
			isa = PBXGroup;
			children = (
				AAEA1AE2293C9CF30054AC86 /* Preview Assets.xcassets */,
			);
			path = "Preview Content";
			sourceTree = "<group>";
		};
		AAEA1AEB293C9CF40054AC86 /* gamerzbaseTests */ = {
			isa = PBXGroup;
			children = (
				AAEA1AEC293C9CF40054AC86 /* AppVersionComparisonTests.swift */,
			);
			path = gamerzbaseTests;
			sourceTree = "<group>";
		};
		AAEA1AF5293C9CF40054AC86 /* gamerzbaseUITests */ = {
			isa = PBXGroup;
			children = (
				AAEA1AF6293C9CF40054AC86 /* gamerzbaseUITests.swift */,
				AAEA1AF8293C9CF40054AC86 /* gamerzbaseUITestsLaunchTests.swift */,
			);
			path = gamerzbaseUITests;
			sourceTree = "<group>";
		};
/* End PBXGroup section */

/* Begin PBXNativeTarget section */
		AAEA1AD7293C9CF20054AC86 /* gamerzbase */ = {
			isa = PBXNativeTarget;
			buildConfigurationList = AAEA1AFC293C9CF40054AC86 /* Build configuration list for PBXNativeTarget "gamerzbase" */;
			buildPhases = (
				AAEA1AD4293C9CF20054AC86 /* Sources */,
				AAEA1AD5293C9CF20054AC86 /* Frameworks */,
				AAEA1AD6293C9CF20054AC86 /* Resources */,
			);
			buildRules = (
			);
			dependencies = (
			);
			name = gamerzbase;
			packageProductDependencies = (
				AAEA1B06293C9E090054AC86 /* Connectivium */,
				AAEA1B09293C9E150054AC86 /* StoreKitted */,
			);
			productName = gamerzbase;
			productReference = AAEA1AD8293C9CF20054AC86 /* gamerzbase.app */;
			productType = "com.apple.product-type.application";
		};
		AAEA1AE7293C9CF40054AC86 /* gamerzbaseTests */ = {
			isa = PBXNativeTarget;
			buildConfigurationList = AAEA1AFF293C9CF40054AC86 /* Build configuration list for PBXNativeTarget "gamerzbaseTests" */;
			buildPhases = (
				AAEA1AE4293C9CF40054AC86 /* Sources */,
				AAEA1AE5293C9CF40054AC86 /* Frameworks */,
				AAEA1AE6293C9CF40054AC86 /* Resources */,
			);
			buildRules = (
			);
			dependencies = (
				AAEA1AEA293C9CF40054AC86 /* PBXTargetDependency */,
			);
			name = gamerzbaseTests;
			productName = gamerzbaseTests;
			productReference = AAEA1AE8293C9CF40054AC86 /* gamerzbaseTests.xctest */;
			productType = "com.apple.product-type.bundle.unit-test";
		};
		AAEA1AF1293C9CF40054AC86 /* gamerzbaseUITests */ = {
			isa = PBXNativeTarget;
			buildConfigurationList = AAEA1B02293C9CF40054AC86 /* Build configuration list for PBXNativeTarget "gamerzbaseUITests" */;
			buildPhases = (
				AAEA1AEE293C9CF40054AC86 /* Sources */,
				AAEA1AEF293C9CF40054AC86 /* Frameworks */,
				AAEA1AF0293C9CF40054AC86 /* Resources */,
			);
			buildRules = (
			);
			dependencies = (
				AAEA1AF4293C9CF40054AC86 /* PBXTargetDependency */,
			);
			name = gamerzbaseUITests;
			productName = gamerzbaseUITests;
			productReference = AAEA1AF2293C9CF40054AC86 /* gamerzbaseUITests.xctest */;
			productType = "com.apple.product-type.bundle.ui-testing";
		};
/* End PBXNativeTarget section */

/* Begin PBXProject section */
		AAEA1AD0293C9CF20054AC86 /* Project object */ = {
			isa = PBXProject;
			attributes = {
				BuildIndependentTargetsInParallel = 1;
				LastSwiftUpdateCheck = 1320;
				LastUpgradeCheck = 1320;
				TargetAttributes = {
					AAEA1AD7293C9CF20054AC86 = {
						CreatedOnToolsVersion = 13.2.1;
					};
					AAEA1AE7293C9CF40054AC86 = {
						CreatedOnToolsVersion = 13.2.1;
						TestTargetID = AAEA1AD7293C9CF20054AC86;
					};
					AAEA1AF1293C9CF40054AC86 = {
						CreatedOnToolsVersion = 13.2.1;
						TestTargetID = AAEA1AD7293C9CF20054AC86;
					};
				};
			};
			buildConfigurationList = AAEA1AD3293C9CF20054AC86 /* Build configuration list for PBXProject "gamerzbase" */;
			compatibilityVersion = "Xcode 13.0";
			developmentRegion = en;
			hasScannedForEncodings = 0;
			knownRegions = (
				en,
				Base,
			);
			mainGroup = AAEA1ACF293C9CF20054AC86;
			packageReferences = (
				AAEA1B05293C9E080054AC86 /* XCRemoteSwiftPackageReference "Connectivium" */,
				AAEA1B08293C9E150054AC86 /* XCRemoteSwiftPackageReference "StoreKitted" */,
			);
			productRefGroup = AAEA1AD9293C9CF20054AC86 /* Products */;
			projectDirPath = "";
			projectRoot = "";
			targets = (
				AAEA1AD7293C9CF20054AC86 /* gamerzbase */,
				AAEA1AE7293C9CF40054AC86 /* gamerzbaseTests */,
				AAEA1AF1293C9CF40054AC86 /* gamerzbaseUITests */,
			);
		};
/* End PBXProject section */

/* Begin PBXResourcesBuildPhase section */
		AAEA1AD6293C9CF20054AC86 /* Resources */ = {
			isa = PBXResourcesBuildPhase;
			buildActionMask = 2147483647;
			files = (
				AAEA1AE3293C9CF30054AC86 /* Preview Assets.xcassets in Resources */,
				AAEA1AE0293C9CF30054AC86 /* Assets.xcassets in Resources */,
			);
			runOnlyForDeploymentPostprocessing = 0;
		};
		AAEA1AE6293C9CF40054AC86 /* Resources */ = {
			isa = PBXResourcesBuildPhase;
			buildActionMask = 2147483647;
			files = (
			);
			runOnlyForDeploymentPostprocessing = 0;
		};
		AAEA1AF0293C9CF40054AC86 /* Resources */ = {
			isa = PBXResourcesBuildPhase;
			buildActionMask = 2147483647;
			files = (
			);
			runOnlyForDeploymentPostprocessing = 0;
		};
/* End PBXResourcesBuildPhase section */

/* Begin PBXSourcesBuildPhase section */
		AAEA1AD4293C9CF20054AC86 /* Sources */ = {
			isa = PBXSourcesBuildPhase;
			buildActionMask = 2147483647;
			files = (
				AAE64800293D1C4200D64A90 /* NetworkManager.swift in Sources */,
				AAEA1ADE293C9CF20054AC86 /* ContentView.swift in Sources */,
				AA831A06293D992B001F2BD8 /* GameListView.swift in Sources */,
				AAEA1ADC293C9CF20054AC86 /* gamerzbaseApp.swift in Sources */,
				AAE64802293D1CAC00D64A90 /* AppVersionComparison.swift in Sources */,
				AA831A08293D9AFA001F2BD8 /* GameRatingsView.swift in Sources */,
				AA0F93C129430BA500ACFCB1 /* GameDetailView.swift in Sources */,
				AAE64804293D1CE300D64A90 /* Storage.swift in Sources */,
				AAE64809293D492D00D64A90 /* GameModel.swift in Sources */,
			);
			runOnlyForDeploymentPostprocessing = 0;
		};
		AAEA1AE4293C9CF40054AC86 /* Sources */ = {
			isa = PBXSourcesBuildPhase;
			buildActionMask = 2147483647;
			files = (
				AAEA1AED293C9CF40054AC86 /* AppVersionComparisonTests.swift in Sources */,
			);
			runOnlyForDeploymentPostprocessing = 0;
		};
		AAEA1AEE293C9CF40054AC86 /* Sources */ = {
			isa = PBXSourcesBuildPhase;
			buildActionMask = 2147483647;
			files = (
				AAEA1AF7293C9CF40054AC86 /* gamerzbaseUITests.swift in Sources */,
				AAEA1AF9293C9CF40054AC86 /* gamerzbaseUITestsLaunchTests.swift in Sources */,
			);
			runOnlyForDeploymentPostprocessing = 0;
		};
/* End PBXSourcesBuildPhase section */

/* Begin PBXTargetDependency section */
		AAEA1AEA293C9CF40054AC86 /* PBXTargetDependency */ = {
			isa = PBXTargetDependency;
			target = AAEA1AD7293C9CF20054AC86 /* gamerzbase */;
			targetProxy = AAEA1AE9293C9CF40054AC86 /* PBXContainerItemProxy */;
		};
		AAEA1AF4293C9CF40054AC86 /* PBXTargetDependency */ = {
			isa = PBXTargetDependency;
			target = AAEA1AD7293C9CF20054AC86 /* gamerzbase */;
			targetProxy = AAEA1AF3293C9CF40054AC86 /* PBXContainerItemProxy */;
		};
/* End PBXTargetDependency section */

/* Begin XCBuildConfiguration section */
		AAEA1AFA293C9CF40054AC86 /* Debug */ = {
			isa = XCBuildConfiguration;
			buildSettings = {
				ALWAYS_SEARCH_USER_PATHS = NO;
				CLANG_ANALYZER_NONNULL = YES;
				CLANG_ANALYZER_NUMBER_OBJECT_CONVERSION = YES_AGGRESSIVE;
				CLANG_CXX_LANGUAGE_STANDARD = "gnu++17";
				CLANG_CXX_LIBRARY = "libc++";
				CLANG_ENABLE_MODULES = YES;
				CLANG_ENABLE_OBJC_ARC = YES;
				CLANG_ENABLE_OBJC_WEAK = YES;
				CLANG_WARN_BLOCK_CAPTURE_AUTORELEASING = YES;
				CLANG_WARN_BOOL_CONVERSION = YES;
				CLANG_WARN_COMMA = YES;
				CLANG_WARN_CONSTANT_CONVERSION = YES;
				CLANG_WARN_DEPRECATED_OBJC_IMPLEMENTATIONS = YES;
				CLANG_WARN_DIRECT_OBJC_ISA_USAGE = YES_ERROR;
				CLANG_WARN_DOCUMENTATION_COMMENTS = YES;
				CLANG_WARN_EMPTY_BODY = YES;
				CLANG_WARN_ENUM_CONVERSION = YES;
				CLANG_WARN_INFINITE_RECURSION = YES;
				CLANG_WARN_INT_CONVERSION = YES;
				CLANG_WARN_NON_LITERAL_NULL_CONVERSION = YES;
				CLANG_WARN_OBJC_IMPLICIT_RETAIN_SELF = YES;
				CLANG_WARN_OBJC_LITERAL_CONVERSION = YES;
				CLANG_WARN_OBJC_ROOT_CLASS = YES_ERROR;
				CLANG_WARN_QUOTED_INCLUDE_IN_FRAMEWORK_HEADER = YES;
				CLANG_WARN_RANGE_LOOP_ANALYSIS = YES;
				CLANG_WARN_STRICT_PROTOTYPES = YES;
				CLANG_WARN_SUSPICIOUS_MOVE = YES;
				CLANG_WARN_UNGUARDED_AVAILABILITY = YES_AGGRESSIVE;
				CLANG_WARN_UNREACHABLE_CODE = YES;
				CLANG_WARN__DUPLICATE_METHOD_MATCH = YES;
				COPY_PHASE_STRIP = NO;
				DEBUG_INFORMATION_FORMAT = dwarf;
				ENABLE_STRICT_OBJC_MSGSEND = YES;
				ENABLE_TESTABILITY = YES;
				GCC_C_LANGUAGE_STANDARD = gnu11;
				GCC_DYNAMIC_NO_PIC = NO;
				GCC_NO_COMMON_BLOCKS = YES;
				GCC_OPTIMIZATION_LEVEL = 0;
				GCC_PREPROCESSOR_DEFINITIONS = (
					"DEBUG=1",
					"$(inherited)",
				);
				GCC_WARN_64_TO_32_BIT_CONVERSION = YES;
				GCC_WARN_ABOUT_RETURN_TYPE = YES_ERROR;
				GCC_WARN_UNDECLARED_SELECTOR = YES;
				GCC_WARN_UNINITIALIZED_AUTOS = YES_AGGRESSIVE;
				GCC_WARN_UNUSED_FUNCTION = YES;
				GCC_WARN_UNUSED_VARIABLE = YES;
				IPHONEOS_DEPLOYMENT_TARGET = 15.2;
				MTL_ENABLE_DEBUG_INFO = INCLUDE_SOURCE;
				MTL_FAST_MATH = YES;
				ONLY_ACTIVE_ARCH = YES;
				SDKROOT = iphoneos;
				SWIFT_ACTIVE_COMPILATION_CONDITIONS = DEBUG;
				SWIFT_OPTIMIZATION_LEVEL = "-Onone";
			};
			name = Debug;
		};
		AAEA1AFB293C9CF40054AC86 /* Release */ = {
			isa = XCBuildConfiguration;
			buildSettings = {
				ALWAYS_SEARCH_USER_PATHS = NO;
				CLANG_ANALYZER_NONNULL = YES;
				CLANG_ANALYZER_NUMBER_OBJECT_CONVERSION = YES_AGGRESSIVE;
				CLANG_CXX_LANGUAGE_STANDARD = "gnu++17";
				CLANG_CXX_LIBRARY = "libc++";
				CLANG_ENABLE_MODULES = YES;
				CLANG_ENABLE_OBJC_ARC = YES;
				CLANG_ENABLE_OBJC_WEAK = YES;
				CLANG_WARN_BLOCK_CAPTURE_AUTORELEASING = YES;
				CLANG_WARN_BOOL_CONVERSION = YES;
				CLANG_WARN_COMMA = YES;
				CLANG_WARN_CONSTANT_CONVERSION = YES;
				CLANG_WARN_DEPRECATED_OBJC_IMPLEMENTATIONS = YES;
				CLANG_WARN_DIRECT_OBJC_ISA_USAGE = YES_ERROR;
				CLANG_WARN_DOCUMENTATION_COMMENTS = YES;
				CLANG_WARN_EMPTY_BODY = YES;
				CLANG_WARN_ENUM_CONVERSION = YES;
				CLANG_WARN_INFINITE_RECURSION = YES;
				CLANG_WARN_INT_CONVERSION = YES;
				CLANG_WARN_NON_LITERAL_NULL_CONVERSION = YES;
				CLANG_WARN_OBJC_IMPLICIT_RETAIN_SELF = YES;
				CLANG_WARN_OBJC_LITERAL_CONVERSION = YES;
				CLANG_WARN_OBJC_ROOT_CLASS = YES_ERROR;
				CLANG_WARN_QUOTED_INCLUDE_IN_FRAMEWORK_HEADER = YES;
				CLANG_WARN_RANGE_LOOP_ANALYSIS = YES;
				CLANG_WARN_STRICT_PROTOTYPES = YES;
				CLANG_WARN_SUSPICIOUS_MOVE = YES;
				CLANG_WARN_UNGUARDED_AVAILABILITY = YES_AGGRESSIVE;
				CLANG_WARN_UNREACHABLE_CODE = YES;
				CLANG_WARN__DUPLICATE_METHOD_MATCH = YES;
				COPY_PHASE_STRIP = NO;
				DEBUG_INFORMATION_FORMAT = "dwarf-with-dsym";
				ENABLE_NS_ASSERTIONS = NO;
				ENABLE_STRICT_OBJC_MSGSEND = YES;
				GCC_C_LANGUAGE_STANDARD = gnu11;
				GCC_NO_COMMON_BLOCKS = YES;
				GCC_WARN_64_TO_32_BIT_CONVERSION = YES;
				GCC_WARN_ABOUT_RETURN_TYPE = YES_ERROR;
				GCC_WARN_UNDECLARED_SELECTOR = YES;
				GCC_WARN_UNINITIALIZED_AUTOS = YES_AGGRESSIVE;
				GCC_WARN_UNUSED_FUNCTION = YES;
				GCC_WARN_UNUSED_VARIABLE = YES;
				IPHONEOS_DEPLOYMENT_TARGET = 15.2;
				MTL_ENABLE_DEBUG_INFO = NO;
				MTL_FAST_MATH = YES;
				SDKROOT = iphoneos;
				SWIFT_COMPILATION_MODE = wholemodule;
				SWIFT_OPTIMIZATION_LEVEL = "-O";
				VALIDATE_PRODUCT = YES;
			};
			name = Release;
		};
		AAEA1AFD293C9CF40054AC86 /* Debug */ = {
			isa = XCBuildConfiguration;
			buildSettings = {
				ASSETCATALOG_COMPILER_APPICON_NAME = AppIcon;
				ASSETCATALOG_COMPILER_GLOBAL_ACCENT_COLOR_NAME = AccentColor;
				CODE_SIGN_STYLE = Automatic;
				CURRENT_PROJECT_VERSION = 1;
				DEVELOPMENT_ASSET_PATHS = "\"gamerzbase/Preview Content\"";
				DEVELOPMENT_TEAM = 34P4RF23ET;
				ENABLE_PREVIEWS = YES;
				GENERATE_INFOPLIST_FILE = YES;
				INFOPLIST_KEY_UIApplicationSceneManifest_Generation = YES;
				INFOPLIST_KEY_UIApplicationSupportsIndirectInputEvents = YES;
				INFOPLIST_KEY_UILaunchScreen_Generation = YES;
				INFOPLIST_KEY_UISupportedInterfaceOrientations_iPad = "UIInterfaceOrientationPortrait UIInterfaceOrientationPortraitUpsideDown UIInterfaceOrientationLandscapeLeft UIInterfaceOrientationLandscapeRight";
				INFOPLIST_KEY_UISupportedInterfaceOrientations_iPhone = "UIInterfaceOrientationPortrait UIInterfaceOrientationLandscapeLeft UIInterfaceOrientationLandscapeRight";
				IPHONEOS_DEPLOYMENT_TARGET = 15.2;
				LD_RUNPATH_SEARCH_PATHS = (
					"$(inherited)",
					"@executable_path/Frameworks",
				);
				MARKETING_VERSION = 1.0;
				PRODUCT_BUNDLE_IDENTIFIER = com.kennydubroff.gamerzbase;
				PRODUCT_NAME = "$(TARGET_NAME)";
				SWIFT_EMIT_LOC_STRINGS = YES;
				SWIFT_VERSION = 5.0;
				TARGETED_DEVICE_FAMILY = "1,2";
			};
			name = Debug;
		};
		AAEA1AFE293C9CF40054AC86 /* Release */ = {
			isa = XCBuildConfiguration;
			buildSettings = {
				ASSETCATALOG_COMPILER_APPICON_NAME = AppIcon;
				ASSETCATALOG_COMPILER_GLOBAL_ACCENT_COLOR_NAME = AccentColor;
				CODE_SIGN_STYLE = Automatic;
				CURRENT_PROJECT_VERSION = 1;
				DEVELOPMENT_ASSET_PATHS = "\"gamerzbase/Preview Content\"";
				DEVELOPMENT_TEAM = 34P4RF23ET;
				ENABLE_PREVIEWS = YES;
				GENERATE_INFOPLIST_FILE = YES;
				INFOPLIST_KEY_UIApplicationSceneManifest_Generation = YES;
				INFOPLIST_KEY_UIApplicationSupportsIndirectInputEvents = YES;
				INFOPLIST_KEY_UILaunchScreen_Generation = YES;
				INFOPLIST_KEY_UISupportedInterfaceOrientations_iPad = "UIInterfaceOrientationPortrait UIInterfaceOrientationPortraitUpsideDown UIInterfaceOrientationLandscapeLeft UIInterfaceOrientationLandscapeRight";
				INFOPLIST_KEY_UISupportedInterfaceOrientations_iPhone = "UIInterfaceOrientationPortrait UIInterfaceOrientationLandscapeLeft UIInterfaceOrientationLandscapeRight";
				IPHONEOS_DEPLOYMENT_TARGET = 15.2;
				LD_RUNPATH_SEARCH_PATHS = (
					"$(inherited)",
					"@executable_path/Frameworks",
				);
				MARKETING_VERSION = 1.0;
				PRODUCT_BUNDLE_IDENTIFIER = com.kennydubroff.gamerzbase;
				PRODUCT_NAME = "$(TARGET_NAME)";
				SWIFT_EMIT_LOC_STRINGS = YES;
				SWIFT_VERSION = 5.0;
				TARGETED_DEVICE_FAMILY = "1,2";
			};
			name = Release;
		};
		AAEA1B00293C9CF40054AC86 /* Debug */ = {
			isa = XCBuildConfiguration;
			buildSettings = {
				ALWAYS_EMBED_SWIFT_STANDARD_LIBRARIES = YES;
				BUNDLE_LOADER = "$(TEST_HOST)";
				CODE_SIGN_STYLE = Automatic;
				CURRENT_PROJECT_VERSION = 1;
				DEVELOPMENT_TEAM = 34P4RF23ET;
				GENERATE_INFOPLIST_FILE = YES;
				IPHONEOS_DEPLOYMENT_TARGET = 15.2;
				MARKETING_VERSION = 1.0;
				PRODUCT_BUNDLE_IDENTIFIER = com.kennydubroff.gamerzbaseTests;
				PRODUCT_NAME = "$(TARGET_NAME)";
				SWIFT_EMIT_LOC_STRINGS = NO;
				SWIFT_VERSION = 5.0;
				TARGETED_DEVICE_FAMILY = "1,2";
				TEST_HOST = "$(BUILT_PRODUCTS_DIR)/gamerzbase.app/gamerzbase";
			};
			name = Debug;
		};
		AAEA1B01293C9CF40054AC86 /* Release */ = {
			isa = XCBuildConfiguration;
			buildSettings = {
				ALWAYS_EMBED_SWIFT_STANDARD_LIBRARIES = YES;
				BUNDLE_LOADER = "$(TEST_HOST)";
				CODE_SIGN_STYLE = Automatic;
				CURRENT_PROJECT_VERSION = 1;
				DEVELOPMENT_TEAM = 34P4RF23ET;
				GENERATE_INFOPLIST_FILE = YES;
				IPHONEOS_DEPLOYMENT_TARGET = 15.2;
				MARKETING_VERSION = 1.0;
				PRODUCT_BUNDLE_IDENTIFIER = com.kennydubroff.gamerzbaseTests;
				PRODUCT_NAME = "$(TARGET_NAME)";
				SWIFT_EMIT_LOC_STRINGS = NO;
				SWIFT_VERSION = 5.0;
				TARGETED_DEVICE_FAMILY = "1,2";
				TEST_HOST = "$(BUILT_PRODUCTS_DIR)/gamerzbase.app/gamerzbase";
			};
			name = Release;
		};
		AAEA1B03293C9CF40054AC86 /* Debug */ = {
			isa = XCBuildConfiguration;
			buildSettings = {
				ALWAYS_EMBED_SWIFT_STANDARD_LIBRARIES = YES;
				CODE_SIGN_STYLE = Automatic;
				CURRENT_PROJECT_VERSION = 1;
				DEVELOPMENT_TEAM = 34P4RF23ET;
				GENERATE_INFOPLIST_FILE = YES;
				MARKETING_VERSION = 1.0;
				PRODUCT_BUNDLE_IDENTIFIER = com.kennydubroff.gamerzbaseUITests;
				PRODUCT_NAME = "$(TARGET_NAME)";
				SWIFT_EMIT_LOC_STRINGS = NO;
				SWIFT_VERSION = 5.0;
				TARGETED_DEVICE_FAMILY = "1,2";
				TEST_TARGET_NAME = gamerzbase;
			};
			name = Debug;
		};
		AAEA1B04293C9CF40054AC86 /* Release */ = {
			isa = XCBuildConfiguration;
			buildSettings = {
				ALWAYS_EMBED_SWIFT_STANDARD_LIBRARIES = YES;
				CODE_SIGN_STYLE = Automatic;
				CURRENT_PROJECT_VERSION = 1;
				DEVELOPMENT_TEAM = 34P4RF23ET;
				GENERATE_INFOPLIST_FILE = YES;
				MARKETING_VERSION = 1.0;
				PRODUCT_BUNDLE_IDENTIFIER = com.kennydubroff.gamerzbaseUITests;
				PRODUCT_NAME = "$(TARGET_NAME)";
				SWIFT_EMIT_LOC_STRINGS = NO;
				SWIFT_VERSION = 5.0;
				TARGETED_DEVICE_FAMILY = "1,2";
				TEST_TARGET_NAME = gamerzbase;
			};
			name = Release;
		};
/* End XCBuildConfiguration section */

/* Begin XCConfigurationList section */
		AAEA1AD3293C9CF20054AC86 /* Build configuration list for PBXProject "gamerzbase" */ = {
			isa = XCConfigurationList;
			buildConfigurations = (
				AAEA1AFA293C9CF40054AC86 /* Debug */,
				AAEA1AFB293C9CF40054AC86 /* Release */,
			);
			defaultConfigurationIsVisible = 0;
			defaultConfigurationName = Release;
		};
		AAEA1AFC293C9CF40054AC86 /* Build configuration list for PBXNativeTarget "gamerzbase" */ = {
			isa = XCConfigurationList;
			buildConfigurations = (
				AAEA1AFD293C9CF40054AC86 /* Debug */,
				AAEA1AFE293C9CF40054AC86 /* Release */,
			);
			defaultConfigurationIsVisible = 0;
			defaultConfigurationName = Release;
		};
		AAEA1AFF293C9CF40054AC86 /* Build configuration list for PBXNativeTarget "gamerzbaseTests" */ = {
			isa = XCConfigurationList;
			buildConfigurations = (
				AAEA1B00293C9CF40054AC86 /* Debug */,
				AAEA1B01293C9CF40054AC86 /* Release */,
			);
			defaultConfigurationIsVisible = 0;
			defaultConfigurationName = Release;
		};
		AAEA1B02293C9CF40054AC86 /* Build configuration list for PBXNativeTarget "gamerzbaseUITests" */ = {
			isa = XCConfigurationList;
			buildConfigurations = (
				AAEA1B03293C9CF40054AC86 /* Debug */,
				AAEA1B04293C9CF40054AC86 /* Release */,
			);
			defaultConfigurationIsVisible = 0;
			defaultConfigurationName = Release;
		};
/* End XCConfigurationList section */

/* Begin XCRemoteSwiftPackageReference section */
		AAEA1B05293C9E080054AC86 /* XCRemoteSwiftPackageReference "Connectivium" */ = {
			isa = XCRemoteSwiftPackageReference;
			repositoryURL = "https://github.com/froggomad/Connectivium";
			requirement = {
				branch = main;
				kind = branch;
			};
		};
		AAEA1B08293C9E150054AC86 /* XCRemoteSwiftPackageReference "StoreKitted" */ = {
			isa = XCRemoteSwiftPackageReference;
			repositoryURL = "https://github.com/froggomad/StoreKitted";
			requirement = {
				branch = main;
				kind = branch;
			};
		};
/* End XCRemoteSwiftPackageReference section */

/* Begin XCSwiftPackageProductDependency section */
		AAEA1B06293C9E090054AC86 /* Connectivium */ = {
			isa = XCSwiftPackageProductDependency;
			package = AAEA1B05293C9E080054AC86 /* XCRemoteSwiftPackageReference "Connectivium" */;
			productName = Connectivium;
		};
		AAEA1B09293C9E150054AC86 /* StoreKitted */ = {
			isa = XCSwiftPackageProductDependency;
			package = AAEA1B08293C9E150054AC86 /* XCRemoteSwiftPackageReference "StoreKitted" */;
			productName = StoreKitted;
		};
/* End XCSwiftPackageProductDependency section */
	};
	rootObject = AAEA1AD0293C9CF20054AC86 /* Project object */;
}
